
Microsoft Visual Studio Solution File, Format Version 12.00
# Visual Studio Version 17
VisualStudioVersion = 17.5.002.0
MinimumVisualStudioVersion = 10.0.40219.1
Project("{9A19103F-16F7-4668-BE54-9A1E7A4F7556}") = "Interpreter.Tests", "Interpreter.Tests.csproj", "{98A90219-FD18-4F8E-AB9E-3BEA648993EC}"
EndProject
Global
	GlobalSection(SolutionConfigurationPlatforms) = preSolution
		Debug|Any CPU = Debug|Any CPU
		Release|Any CPU = Release|Any CPU
	EndGlobalSection
	GlobalSection(ProjectConfigurationPlatforms) = postSolution
		{98A90219-FD18-4F8E-AB9E-3BEA648993EC}.Debug|Any CPU.ActiveCfg = Debug|Any CPU
		{98A90219-FD18-4F8E-AB9E-3BEA648993EC}.Debug|Any CPU.Build.0 = Debug|Any CPU
		{98A90219-FD18-4F8E-AB9E-3BEA648993EC}.Release|Any CPU.ActiveCfg = Release|Any CPU
		{98A90219-FD18-4F8E-AB9E-3BEA648993EC}.Release|Any CPU.Build.0 = Release|Any CPU
	EndGlobalSection
	GlobalSection(SolutionProperties) = preSolution
		HideSolutionNode = FALSE
	EndGlobalSection
	GlobalSection(ExtensibilityGlobals) = postSolution
		SolutionGuid = {FF2CD9E5-D97C-4D2D-9068-12C9821FD092}
	EndGlobalSection
EndGlobal
